// !$*UTF8*$!
{
	archiveVersion = 1;
	classes = {
	};
	objectVersion = 46;
	objects = {

/* Begin PBXBuildFile section */
		2FFE85DE1E5D49A900FD045C /* main.m in Sources */ = {isa = PBXBuildFile; fileRef = 2FFE85DD1E5D49A900FD045C /* main.m */; };
		2FFE85E11E5D49A900FD045C /* AppDelegate.m in Sources */ = {isa = PBXBuildFile; fileRef = 2FFE85E01E5D49A900FD045C /* AppDelegate.m */; };
		2FFE85E41E5D49A900FD045C /* ViewController.m in Sources */ = {isa = PBXBuildFile; fileRef = 2FFE85E31E5D49A900FD045C /* ViewController.m */; };
		2FFE85EC1E5D49A900FD045C /* Assets.xcassets in Resources */ = {isa = PBXBuildFile; fileRef = 2FFE85EB1E5D49A900FD045C /* Assets.xcassets */; };
		2FFE85EF1E5D49A900FD045C /* LaunchScreen.storyboard in Resources */ = {isa = PBXBuildFile; fileRef = 2FFE85ED1E5D49A900FD045C /* LaunchScreen.storyboard */; };
		2FFE85F71E5D4C4B00FD045C /* 1.jpg in Resources */ = {isa = PBXBuildFile; fileRef = 2FFE85F61E5D4C4B00FD045C /* 1.jpg */; };
		2FFE85FA1E5D4DB700FD045C /* CircleView.m in Sources */ = {isa = PBXBuildFile; fileRef = 2FFE85F91E5D4DB700FD045C /* CircleView.m */; };
/* End PBXBuildFile section */

/* Begin PBXFileReference section */
		2FFE85D91E5D49A900FD045C /* scrollHeader.app */ = {isa = PBXFileReference; explicitFileType = wrapper.application; includeInIndex = 0; path = scrollHeader.app; sourceTree = BUILT_PRODUCTS_DIR; };
		2FFE85DD1E5D49A900FD045C /* main.m */ = {isa = PBXFileReference; lastKnownFileType = sourcecode.c.objc; path = main.m; sourceTree = "<group>"; };
		2FFE85DF1E5D49A900FD045C /* AppDelegate.h */ = {isa = PBXFileReference; lastKnownFileType = sourcecode.c.h; path = AppDelegate.h; sourceTree = "<group>"; };
		2FFE85E01E5D49A900FD045C /* AppDelegate.m */ = {isa = PBXFileReference; lastKnownFileType = sourcecode.c.objc; path = AppDelegate.m; sourceTree = "<group>"; };
		2FFE85E21E5D49A900FD045C /* ViewController.h */ = {isa = PBXFileReference; lastKnownFileType = sourcecode.c.h; path = ViewController.h; sourceTree = "<group>"; };
		2FFE85E31E5D49A900FD045C /* ViewController.m */ = {isa = PBXFileReference; lastKnownFileType = sourcecode.c.objc; path = ViewController.m; sourceTree = "<group>"; };
		2FFE85EB1E5D49A900FD045C /* Assets.xcassets */ = {isa = PBXFileReference; lastKnownFileType = folder.assetcatalog; path = Assets.xcassets; sourceTree = "<group>"; };
		2FFE85EE1E5D49A900FD045C /* Base */ = {isa = PBXFileReference; lastKnownFileType = file.storyboard; name = Base; path = Base.lproj/LaunchScreen.storyboard; sourceTree = "<group>"; };
		2FFE85F01E5D49A900FD045C /* Info.plist */ = {isa = PBXFileReference; lastKnownFileType = text.plist.xml; path = Info.plist; sourceTree = "<group>"; };
		2FFE85F61E5D4C4B00FD045C /* 1.jpg */ = {isa = PBXFileReference; lastKnownFileType = image.jpeg; path = 1.jpg; sourceTree = "<group>"; };
		2FFE85F81E5D4DB700FD045C /* CircleView.h */ = {isa = PBXFileReference; fileEncoding = 4; lastKnownFileType = sourcecode.c.h; path = CircleView.h; sourceTree = "<group>"; };
		2FFE85F91E5D4DB700FD045C /* CircleView.m */ = {isa = PBXFileReference; fileEncoding = 4; lastKnownFileType = sourcecode.c.objc; path = CircleView.m; sourceTree = "<group>"; };
/* End PBXFileReference section */

/* Begin PBXFrameworksBuildPhase section */
		2FFE85D61E5D49A900FD045C /* Frameworks */ = {
			isa = PBXFrameworksBuildPhase;
			buildActionMask = 2147483647;
			files = (
			);
			runOnlyForDeploymentPostprocessing = 0;
		};
/* End PBXFrameworksBuildPhase section */

/* Begin PBXGroup section */
		2FFE85D01E5D49A900FD045C = {
			isa = PBXGroup;
			children = (
				2FFE85DB1E5D49A900FD045C /* scrollHeader */,
				2FFE85DA1E5D49A900FD045C /* Products */,
			);
			sourceTree = "<group>";
		};
		2FFE85DA1E5D49A900FD045C /* Products */ = {
			isa = PBXGroup;
			children = (
				2FFE85D91E5D49A900FD045C /* scrollHeader.app */,
			);
			name = Products;
			sourceTree = "<group>";
		};
		2FFE85DB1E5D49A900FD045C /* scrollHeader */ = {
			isa = PBXGroup;
			children = (
				2FFE85F61E5D4C4B00FD045C /* 1.jpg */,
				2FFE85F81E5D4DB700FD045C /* CircleView.h */,
				2FFE85F91E5D4DB700FD045C /* CircleView.m */,
				2FFE85DF1E5D49A900FD045C /* AppDelegate.h */,
				2FFE85E01E5D49A900FD045C /* AppDelegate.m */,
				2FFE85E21E5D49A900FD045C /* ViewController.h */,
				2FFE85E31E5D49A900FD045C /* ViewController.m */,
				2FFE85EB1E5D49A900FD045C /* Assets.xcassets */,
				2FFE85ED1E5D49A900FD045C /* LaunchScreen.storyboard */,
				2FFE85F01E5D49A900FD045C /* Info.plist */,
				2FFE85DC1E5D49A900FD045C /* Supporting Files */,
			);
			path = scrollHeader;
			sourceTree = "<group>";
		};
		2FFE85DC1E5D49A900FD045C /* Supporting Files */ = {
			isa = PBXGroup;
			children = (
				2FFE85DD1E5D49A900FD045C /* main.m */,
			);
			name = "Supporting Files";
			sourceTree = "<group>";
		};
/* End PBXGroup section */

/* Begin PBXNativeTarget section */
		2FFE85D81E5D49A900FD045C /* scrollHeader */ = {
			isa = PBXNativeTarget;
			buildConfigurationList = 2FFE85F31E5D49A900FD045C /* Build configuration list for PBXNativeTarget "scrollHeader" */;
			buildPhases = (
				2FFE85D51E5D49A900FD045C /* Sources */,
				2FFE85D61E5D49A900FD045C /* Frameworks */,
				2FFE85D71E5D49A900FD045C /* Resources */,
			);
			buildRules = (
			);
			dependencies = (
			);
			name = scrollHeader;
			productName = scrollHeader;
			productReference = 2FFE85D91E5D49A900FD045C /* scrollHeader.app */;
			productType = "com.apple.product-type.application";
		};
/* End PBXNativeTarget section */

/* Begin PBXProject section */
		2FFE85D11E5D49A900FD045C /* Project object */ = {
			isa = PBXProject;
			attributes = {
				LastUpgradeCheck = 0820;
				ORGANIZATIONNAME = HatsuneMiku;
				TargetAttributes = {
					2FFE85D81E5D49A900FD045C = {
						CreatedOnToolsVersion = 8.2.1;
						ProvisioningStyle = Automatic;
					};
				};
			};
			buildConfigurationList = 2FFE85D41E5D49A900FD045C /* Build configuration list for PBXProject "scrollHeader" */;
			compatibilityVersion = "Xcode 3.2";
			developmentRegion = English;
			hasScannedForEncodings = 0;
			knownRegions = (
				en,
				Base,
			);
			mainGroup = 2FFE85D01E5D49A900FD045C;
			productRefGroup = 2FFE85DA1E5D49A900FD045C /* Products */;
			projectDirPath = "";
			projectRoot = "";
			targets = (
				2FFE85D81E5D49A900FD045C /* scrollHeader */,
			);
		};
/* End PBXProject section */

/* Begin PBXResourcesBuildPhase section */
		2FFE85D71E5D49A900FD045C /* Resources */ = {
			isa = PBXResourcesBuildPhase;
			buildActionMask = 2147483647;
			files = (
				2FFE85EF1E5D49A900FD045C /* LaunchScreen.storyboard in Resources */,
				2FFE85F71E5D4C4B00FD045C /* 1.jpg in Resources */,
				2FFE85EC1E5D49A900FD045C /* Assets.xcassets in Resources */,
			);
			runOnlyForDeploymentPostprocessing = 0;
		};
/* End PBXResourcesBuildPhase section */

/* Begin PBXSourcesBuildPhase section */
		2FFE85D51E5D49A900FD045C /* Sources */ = {
			isa = PBXSourcesBuildPhase;
			buildActionMask = 2147483647;
			files = (
				2FFE85E41E5D49A900FD045C /* ViewController.m in Sources */,
				2FFE85FA1E5D4DB700FD045C /* CircleView.m in Sources */,
				2FFE85E11E5D49A900FD045C /* AppDelegate.m in Sources */,
				2FFE85DE1E5D49A900FD045C /* main.m in Sources */,
			);
			runOnlyForDeploymentPostprocessing = 0;
		};
/* End PBXSourcesBuildPhase section */

/* Begin PBXVariantGroup section */
		2FFE85ED1E5D49A900FD045C /* LaunchScreen.storyboard */ = {
			isa = PBXVariantGroup;
			children = (
				2FFE85EE1E5D49A900FD045C /* Base */,
			);
			name = LaunchScreen.storyboard;
			sourceTree = "<group>";
		};
/* End PBXVariantGroup section */

/* Begin XCBuildConfiguration section */
		2FFE85F11E5D49A900FD045C /* Debug */ = {
			isa = XCBuildConfiguration;
			buildSettings = {
				ALWAYS_SEARCH_USER_PATHS = NO;
				CLANG_ANALYZER_NONNULL = YES;
				CLANG_CXX_LANGUAGE_STANDARD = "gnu++0x";
				CLANG_CXX_LIBRARY = "libc++";
				CLANG_ENABLE_MODULES = YES;
				CLANG_ENABLE_OBJC_ARC = YES;
				CLANG_WARN_BOOL_CONVERSION = YES;
				CLANG_WARN_CONSTANT_CONVERSION = YES;
				CLANG_WARN_DIRECT_OBJC_ISA_USAGE = YES_ERROR;
				CLANG_WARN_DOCUMENTATION_COMMENTS = YES;
				CLANG_WARN_EMPTY_BODY = YES;
				CLANG_WARN_ENUM_CONVERSION = YES;
				CLANG_WARN_INFINITE_RECURSION = YES;
				CLANG_WARN_INT_CONVERSION = YES;
				CLANG_WARN_OBJC_ROOT_CLASS = YES_ERROR;
				CLANG_WARN_SUSPICIOUS_MOVE = YES;
				CLANG_WARN_UNREACHABLE_CODE = YES;
				CLANG_WARN__DUPLICATE_METHOD_MATCH = YES;
				"CODE_SIGN_IDENTITY[sdk=iphoneos*]" = "iPhone Developer";
				COPY_PHASE_STRIP = NO;
				DEBUG_INFORMATION_FORMAT = dwarf;
				ENABLE_STRICT_OBJC_MSGSEND = YES;
				ENABLE_TESTABILITY = YES;
				GCC_C_LANGUAGE_STANDARD = gnu99;
				GCC_DYNAMIC_NO_PIC = NO;
				GCC_NO_COMMON_BLOCKS = YES;
				GCC_OPTIMIZATION_LEVEL = 0;
				GCC_PREPROCESSOR_DEFINITIONS = (
					"DEBUG=1",
					"$(inherited)",
				);
				GCC_WARN_64_TO_32_BIT_CONVERSION = YES;
				GCC_WARN_ABOUT_RETURN_TYPE = YES_ERROR;
				GCC_WARN_UNDECLARED_SELECTOR = YES;
				GCC_WARN_UNINITIALIZED_AUTOS = YES_AGGRESSIVE;
				GCC_WARN_UNUSED_FUNCTION = YES;
				GCC_WARN_UNUSED_VARIABLE = YES;
				IPHONEOS_DEPLOYMENT_TARGET = 10.2;
				MTL_ENABLE_DEBUG_INFO = YES;
				ONLY_ACTIVE_ARCH = YES;
				SDKROOT = iphoneos;
			};
			name = Debug;
		};
		2FFE85F21E5D49A900FD045C /* Release */ = {
			isa = XCBuildConfiguration;
			buildSettings = {
				ALWAYS_SEARCH_USER_PATHS = NO;
				CLANG_ANALYZER_NONNULL = YES;
				CLANG_CXX_LANGUAGE_STANDARD = "gnu++0x";
				CLANG_CXX_LIBRARY = "libc++";
				CLANG_ENABLE_MODULES = YES;
				CLANG_ENABLE_OBJC_ARC = YES;
				CLANG_WARN_BOOL_CONVERSION = YES;
				CLANG_WARN_CONSTANT_CONVERSION = YES;
				CLANG_WARN_DIRECT_OBJC_ISA_USAGE = YES_ERROR;
				CLANG_WARN_DOCUMENTATION_COMMENTS = YES;
				CLANG_WARN_EMPTY_BODY = YES;
				CLANG_WARN_ENUM_CONVERSION = YES;
				CLANG_WARN_INFINITE_RECURSION = YES;
				CLANG_WARN_INT_CONVERSION = YES;
				CLANG_WARN_OBJC_ROOT_CLASS = YES_ERROR;
				CLANG_WARN_SUSPICIOUS_MOVE = YES;
				CLANG_WARN_UNREACHABLE_CODE = YES;
				CLANG_WARN__DUPLICATE_METHOD_MATCH = YES;
				"CODE_SIGN_IDENTITY[sdk=iphoneos*]" = "iPhone Developer";
				COPY_PHASE_STRIP = NO;
				DEBUG_INFORMATION_FORMAT = "dwarf-with-dsym";
				ENABLE_NS_ASSERTIONS = NO;
				ENABLE_STRICT_OBJC_MSGSEND = YES;
				GCC_C_LANGUAGE_STANDARD = gnu99;
				GCC_NO_COMMON_BLOCKS = YES;
				GCC_WARN_64_TO_32_BIT_CONVERSION = YES;
				GCC_WARN_ABOUT_RETURN_TYPE = YES_ERROR;
				GCC_WARN_UNDECLARED_SELECTOR = YES;
				GCC_WARN_UNINITIALIZED_AUTOS = YES_AGGRESSIVE;
				GCC_WARN_UNUSED_FUNCTION = YES;
				GCC_WARN_UNUSED_VARIABLE = YES;
				IPHONEOS_DEPLOYMENT_TARGET = 10.2;
				MTL_ENABLE_DEBUG_INFO = NO;
				SDKROOT = iphoneos;
				VALIDATE_PRODUCT = YES;
			};
			name = Release;
		};
		2FFE85F41E5D49A900FD045C /* Debug */ = {
			isa = XCBuildConfiguration;
			buildSettings = {
				ASSETCATALOG_COMPILER_APPICON_NAME = AppIcon;
				DEVELOPMENT_TEAM = "";
				INFOPLIST_FILE = scrollHeader/Info.plist;
				LD_RUNPATH_SEARCH_PATHS = "$(inherited) @executable_path/Frameworks";
				PRODUCT_BUNDLE_IDENTIFIER = com.t123.scrollHeader;
				PRODUCT_NAME = "$(TARGET_NAME)";
			};
			name = Debug;
		};
		2FFE85F51E5D49A900FD045C /* Release */ = {
			isa = XCBuildConfiguration;
			buildSettings = {
				ASSETCATALOG_COMPILER_APPICON_NAME = AppIcon;
				DEVELOPMENT_TEAM = "";
				INFOPLIST_FILE = scrollHeader/Info.plist;
				LD_RUNPATH_SEARCH_PATHS = "$(inherited) @executable_path/Frameworks";
				PRODUCT_BUNDLE_IDENTIFIER = com.t123.scrollHeader;
				PRODUCT_NAME = "$(TARGET_NAME)";
			};
			name = Release;
		};
/* End XCBuildConfiguration section */

/* Begin XCConfigurationList section */
		2FFE85D41E5D49A900FD045C /* Build configuration list for PBXProject "scrollHeader" */ = {
			isa = XCConfigurationList;
			buildConfigurations = (
				2FFE85F11E5D49A900FD045C /* Debug */,
				2FFE85F21E5D49A900FD045C /* Release */,
			);
			defaultConfigurationIsVisible = 0;
			defaultConfigurationName = Release;
		};
		2FFE85F31E5D49A900FD045C /* Build configuration list for PBXNativeTarget "scrollHeader" */ = {
			isa = XCConfigurationList;
			buildConfigurations = (
				2FFE85F41E5D49A900FD045C /* Debug */,
				2FFE85F51E5D49A900FD045C /* Release */,
			);
			defaultConfigurationIsVisible = 0;
		};
/* End XCConfigurationList section */
	};
	rootObject = 2FFE85D11E5D49A900FD045C /* Project object */;
}
